// !$*UTF8*$!
{
	archiveVersion = 1;
	classes = {
	};
	objectVersion = 46;
	objects = {

/* Begin PBXBuildFile section */
		D70BDBDC1B73869700C47220 /* LICENSE.txt in Resources */ = {isa = PBXBuildFile; fileRef = D70BDBDA1B73869700C47220 /* LICENSE.txt */; };
		D72182C31B722A4700397DC0 /* AppDelegate.swift in Sources */ = {isa = PBXBuildFile; fileRef = D72182C21B722A4700397DC0 /* AppDelegate.swift */; };
		D72182C51B722A4700397DC0 /* ViewController.swift in Sources */ = {isa = PBXBuildFile; fileRef = D72182C41B722A4700397DC0 /* ViewController.swift */; };
		D72182C81B722A4700397DC0 /* Main.storyboard in Resources */ = {isa = PBXBuildFile; fileRef = D72182C61B722A4700397DC0 /* Main.storyboard */; };
		D72182CA1B722A4700397DC0 /* Assets.xcassets in Resources */ = {isa = PBXBuildFile; fileRef = D72182C91B722A4700397DC0 /* Assets.xcassets */; };
		D72182CD1B722A4700397DC0 /* LaunchScreen.storyboard in Resources */ = {isa = PBXBuildFile; fileRef = D72182CB1B722A4700397DC0 /* LaunchScreen.storyboard */; };
/* End PBXBuildFile section */

/* Begin PBXFileReference section */
		D70BDBDA1B73869700C47220 /* LICENSE.txt */ = {isa = PBXFileReference; fileEncoding = 4; lastKnownFileType = text; path = LICENSE.txt; sourceTree = "<group>"; };
		D70BDBDB1B73869700C47220 /* README.md */ = {isa = PBXFileReference; fileEncoding = 4; lastKnownFileType = net.daringfireball.markdown; path = README.md; sourceTree = "<group>"; };
		D72182BF1B722A4700397DC0 /* MyRegionMonitoring.app */ = {isa = PBXFileReference; explicitFileType = wrapper.application; includeInIndex = 0; path = MyRegionMonitoring.app; sourceTree = BUILT_PRODUCTS_DIR; };
		D72182C21B722A4700397DC0 /* AppDelegate.swift */ = {isa = PBXFileReference; lastKnownFileType = sourcecode.swift; path = AppDelegate.swift; sourceTree = "<group>"; };
		D72182C41B722A4700397DC0 /* ViewController.swift */ = {isa = PBXFileReference; lastKnownFileType = sourcecode.swift; path = ViewController.swift; sourceTree = "<group>"; };
		D72182C71B722A4700397DC0 /* Base */ = {isa = PBXFileReference; lastKnownFileType = file.storyboard; name = Base; path = Base.lproj/Main.storyboard; sourceTree = "<group>"; };
		D72182C91B722A4700397DC0 /* Assets.xcassets */ = {isa = PBXFileReference; lastKnownFileType = folder.assetcatalog; path = Assets.xcassets; sourceTree = "<group>"; };
		D72182CC1B722A4700397DC0 /* Base */ = {isa = PBXFileReference; lastKnownFileType = file.storyboard; name = Base; path = Base.lproj/LaunchScreen.storyboard; sourceTree = "<group>"; };
		D72182CE1B722A4700397DC0 /* Info.plist */ = {isa = PBXFileReference; lastKnownFileType = text.plist.xml; path = Info.plist; sourceTree = "<group>"; };
/* End PBXFileReference section */

/* Begin PBXFrameworksBuildPhase section */
		D72182BC1B722A4700397DC0 /* Frameworks */ = {
			isa = PBXFrameworksBuildPhase;
			buildActionMask = 2147483647;
			files = (
			);
			runOnlyForDeploymentPostprocessing = 0;
		};
/* End PBXFrameworksBuildPhase section */

/* Begin PBXGroup section */
		D72182B61B722A4700397DC0 = {
			isa = PBXGroup;
			children = (
				D70BDBDA1B73869700C47220 /* LICENSE.txt */,
				D70BDBDB1B73869700C47220 /* README.md */,
				D72182C11B722A4700397DC0 /* MyRegionMonitoring */,
				D72182C01B722A4700397DC0 /* Products */,
			);
			sourceTree = "<group>";
		};
		D72182C01B722A4700397DC0 /* Products */ = {
			isa = PBXGroup;
			children = (
				D72182BF1B722A4700397DC0 /* MyRegionMonitoring.app */,
			);
			name = Products;
			sourceTree = "<group>";
		};
		D72182C11B722A4700397DC0 /* MyRegionMonitoring */ = {
			isa = PBXGroup;
			children = (
				D72182C21B722A4700397DC0 /* AppDelegate.swift */,
				D72182C41B722A4700397DC0 /* ViewController.swift */,
				D72182C61B722A4700397DC0 /* Main.storyboard */,
				D72182C91B722A4700397DC0 /* Assets.xcassets */,
				D72182CB1B722A4700397DC0 /* LaunchScreen.storyboard */,
				D72182CE1B722A4700397DC0 /* Info.plist */,
			);
			path = MyRegionMonitoring;
			sourceTree = "<group>";
		};
/* End PBXGroup section */

/* Begin PBXNativeTarget section */
		D72182BE1B722A4700397DC0 /* MyRegionMonitoring */ = {
			isa = PBXNativeTarget;
			buildConfigurationList = D72182D11B722A4700397DC0 /* Build configuration list for PBXNativeTarget "MyRegionMonitoring" */;
			buildPhases = (
				D72182BB1B722A4700397DC0 /* Sources */,
				D72182BC1B722A4700397DC0 /* Frameworks */,
				D72182BD1B722A4700397DC0 /* Resources */,
			);
			buildRules = (
			);
			dependencies = (
			);
			name = MyRegionMonitoring;
			productName = MyRegionMonitoring;
			productReference = D72182BF1B722A4700397DC0 /* MyRegionMonitoring.app */;
			productType = "com.apple.product-type.application";
		};
/* End PBXNativeTarget section */

/* Begin PBXProject section */
		D72182B71B722A4700397DC0 /* Project object */ = {
			isa = PBXProject;
			attributes = {
				LastSwiftUpdateCheck = 0710;
				LastUpgradeCheck = 0700;
				ORGANIZATIONNAME = "OOPer (NAGATA, Atsuyuki)";
				TargetAttributes = {
					D72182BE1B722A4700397DC0 = {
						CreatedOnToolsVersion = 7.0;
						LastSwiftMigration = 0830;
						SystemCapabilities = {
							com.apple.BackgroundModes = {
								enabled = 1;
							};
							com.apple.Maps.iOS = {
								enabled = 0;
							};
						};
					};
				};
			};
			buildConfigurationList = D72182BA1B722A4700397DC0 /* Build configuration list for PBXProject "MyRegionMonitoring" */;
			compatibilityVersion = "Xcode 3.2";
			developmentRegion = English;
			hasScannedForEncodings = 0;
			knownRegions = (
				en,
				Base,
			);
			mainGroup = D72182B61B722A4700397DC0;
			productRefGroup = D72182C01B722A4700397DC0 /* Products */;
			projectDirPath = "";
			projectRoot = "";
			targets = (
				D72182BE1B722A4700397DC0 /* MyRegionMonitoring */,
			);
		};
/* End PBXProject section */

/* Begin PBXResourcesBuildPhase section */
		D72182BD1B722A4700397DC0 /* Resources */ = {
			isa = PBXResourcesBuildPhase;
			buildActionMask = 2147483647;
			files = (
				D70BDBDC1B73869700C47220 /* LICENSE.txt in Resources */,
				D72182CD1B722A4700397DC0 /* LaunchScreen.storyboard in Resources */,
				D72182CA1B722A4700397DC0 /* Assets.xcassets in Resources */,
				D72182C81B722A4700397DC0 /* Main.storyboard in Resources */,
			);
			runOnlyForDeploymentPostprocessing = 0;
		};
/* End PBXResourcesBuildPhase section */

/* Begin PBXSourcesBuildPhase section */
		D72182BB1B722A4700397DC0 /* Sources */ = {
			isa = PBXSourcesBuildPhase;
			buildActionMask = 2147483647;
			files = (
				D72182C51B722A4700397DC0 /* ViewController.swift in Sources */,
				D72182C31B722A4700397DC0 /* AppDelegate.swift in Sources */,
			);
			runOnlyForDeploymentPostprocessing = 0;
		};
/* End PBXSourcesBuildPhase section */

/* Begin PBXVariantGroup section */
		D72182C61B722A4700397DC0 /* Main.storyboard */ = {
			isa = PBXVariantGroup;
			children = (
				D72182C71B722A4700397DC0 /* Base */,
			);
			name = Main.storyboard;
			sourceTree = "<group>";
		};
		D72182CB1B722A4700397DC0 /* LaunchScreen.storyboard */ = {
			isa = PBXVariantGroup;
			children = (
				D72182CC1B722A4700397DC0 /* Base */,
			);
			name = LaunchScreen.storyboard;
			sourceTree = "<group>";
		};
/* End PBXVariantGroup section */

/* Begin XCBuildConfiguration section */
		D72182CF1B722A4700397DC0 /* Debug */ = {
			isa = XCBuildConfiguration;
			buildSettings = {
				ALWAYS_SEARCH_USER_PATHS = NO;
				CLANG_CXX_LANGUAGE_STANDARD = "gnu++0x";
				CLANG_CXX_LIBRARY = "libc++";
				CLANG_ENABLE_MODULES = YES;
				CLANG_ENABLE_OBJC_ARC = YES;
				CLANG_WARN_BOOL_CONVERSION = YES;
				CLANG_WARN_CONSTANT_CONVERSION = YES;
				CLANG_WARN_DIRECT_OBJC_ISA_USAGE = YES_ERROR;
				CLANG_WARN_EMPTY_BODY = YES;
				CLANG_WARN_ENUM_CONVERSION = YES;
				CLANG_WARN_INT_CONVERSION = YES;
				CLANG_WARN_OBJC_ROOT_CLASS = YES_ERROR;
				CLANG_WARN_UNREACHABLE_CODE = YES;
				CLANG_WARN__DUPLICATE_METHOD_MATCH = YES;
				"CODE_SIGN_IDENTITY[sdk=iphoneos*]" = "iPhone Developer";
				COPY_PHASE_STRIP = NO;
				DEBUG_INFORMATION_FORMAT = dwarf;
				ENABLE_STRICT_OBJC_MSGSEND = YES;
				ENABLE_TESTABILITY = YES;
				GCC_C_LANGUAGE_STANDARD = gnu99;
				GCC_DYNAMIC_NO_PIC = NO;
				GCC_NO_COMMON_BLOCKS = YES;
				GCC_OPTIMIZATION_LEVEL = 0;
				GCC_PREPROCESSOR_DEFINITIONS = (
					"DEBUG=1",
					"$(inherited)",
				);
				GCC_WARN_64_TO_32_BIT_CONVERSION = YES;
				GCC_WARN_ABOUT_RETURN_TYPE = YES_ERROR;
				GCC_WARN_UNDECLARED_SELECTOR = YES;
				GCC_WARN_UNINITIALIZED_AUTOS = YES_AGGRESSIVE;
				GCC_WARN_UNUSED_FUNCTION = YES;
				GCC_WARN_UNUSED_VARIABLE = YES;
				IPHONEOS_DEPLOYMENT_TARGET = 8.0;
				MTL_ENABLE_DEBUG_INFO = YES;
				ONLY_ACTIVE_ARCH = YES;
				SDKROOT = iphoneos;
				SWIFT_OPTIMIZATION_LEVEL = "-Onone";
			};
			name = Debug;
		};
		D72182D01B722A4700397DC0 /* Release */ = {
			isa = XCBuildConfiguration;
			buildSettings = {
				ALWAYS_SEARCH_USER_PATHS = NO;
				CLANG_CXX_LANGUAGE_STANDARD = "gnu++0x";
				CLANG_CXX_LIBRARY = "libc++";
				CLANG_ENABLE_MODULES = YES;
				CLANG_ENABLE_OBJC_ARC = YES;
				CLANG_WARN_BOOL_CONVERSION = YES;
				CLANG_WARN_CONSTANT_CONVERSION = YES;
				CLANG_WARN_DIRECT_OBJC_ISA_USAGE = YES_ERROR;
				CLANG_WARN_EMPTY_BODY = YES;
				CLANG_WARN_ENUM_CONVERSION = YES;
				CLANG_WARN_INT_CONVERSION = YES;
				CLANG_WARN_OBJC_ROOT_CLASS = YES_ERROR;
				CLANG_WARN_UNREACHABLE_CODE = YES;
				CLANG_WARN__DUPLICATE_METHOD_MATCH = YES;
				"CODE_SIGN_IDENTITY[sdk=iphoneos*]" = "iPhone Developer";
				COPY_PHASE_STRIP = NO;
				DEBUG_INFORMATION_FORMAT = "dwarf-with-dsym";
				ENABLE_NS_ASSERTIONS = NO;
				ENABLE_STRICT_OBJC_MSGSEND = YES;
				GCC_C_LANGUAGE_STANDARD = gnu99;
				GCC_NO_COMMON_BLOCKS = YES;
				GCC_WARN_64_TO_32_BIT_CONVERSION = YES;
				GCC_WARN_ABOUT_RETURN_TYPE = YES_ERROR;
				GCC_WARN_UNDECLARED_SELECTOR = YES;
				GCC_WARN_UNINITIALIZED_AUTOS = YES_AGGRESSIVE;
				GCC_WARN_UNUSED_FUNCTION = YES;
				GCC_WARN_UNUSED_VARIABLE = YES;
				IPHONEOS_DEPLOYMENT_TARGET = 8.0;
				MTL_ENABLE_DEBUG_INFO = NO;
				SDKROOT = iphoneos;
				VALIDATE_PRODUCT = YES;
			};
			name = Release;
		};
		D72182D21B722A4700397DC0 /* Debug */ = {
			isa = XCBuildConfiguration;
			buildSettings = {
				ASSETCATALOG_COMPILER_APPICON_NAME = AppIcon;
				INFOPLIST_FILE = MyRegionMonitoring/Info.plist;
				LD_RUNPATH_SEARCH_PATHS = "$(inherited) @executable_path/Frameworks";
				PRODUCT_BUNDLE_IDENTIFIER = com.oopers.MyRegionMonitoring;
				PRODUCT_NAME = "$(TARGET_NAME)";
				SWIFT_VERSION = 3.0;
			};
			name = Debug;
		};
		D72182D31B722A4700397DC0 /* Release */ = {
			isa = XCBuildConfiguration;
			buildSettings = {
				ASSETCATALOG_COMPILER_APPICON_NAME = AppIcon;
				INFOPLIST_FILE = MyRegionMonitoring/Info.plist;
				LD_RUNPATH_SEARCH_PATHS = "$(inherited) @executable_path/Frameworks";
				PRODUCT_BUNDLE_IDENTIFIER = com.oopers.MyRegionMonitoring;
				PRODUCT_NAME = "$(TARGET_NAME)";
				SWIFT_VERSION = 3.0;
			};
			name = Release;
		};
/* End XCBuildConfiguration section */

/* Begin XCConfigurationList section */
		D72182BA1B722A4700397DC0 /* Build configuration list for PBXProject "MyRegionMonitoring" */ = {
			isa = XCConfigurationList;
			buildConfigurations = (
				D72182CF1B722A4700397DC0 /* Debug */,
				D72182D01B722A4700397DC0 /* Release */,
			);
			defaultConfigurationIsVisible = 0;
			defaultConfigurationName = Release;
		};
		D72182D11B722A4700397DC0 /* Build configuration list for PBXNativeTarget "MyRegionMonitoring" */ = {
			isa = XCConfigurationList;
			buildConfigurations = (
				D72182D21B722A4700397DC0 /* Debug */,
				D72182D31B722A4700397DC0 /* Release */,
			);
			defaultConfigurationIsVisible = 0;
			defaultConfigurationName = Release;
		};
/* End XCConfigurationList section */
	};
	rootObject = D72182B71B722A4700397DC0 /* Project object */;
}
